<?xml version="1.0" encoding="utf-8"?>
<Project ToolsVersion="4.0" xmlns="http://schemas.microsoft.com/developer/msbuild/2003">
  <ItemGroup>
    <Filter Include="Header">
      <UniqueIdentifier>{F0559B52-1769-4B27-A21D-7BE122BD917C}</UniqueIdentifier>
      <Extensions>h;hh;hpp;hxx;h++;hm;inl;inc;ipp;xsd</Extensions>
    </Filter>
    <Filter Include="Source">
      <UniqueIdentifier>{9FC4CD65-03A6-44F0-830C-92E0B66213F7}</UniqueIdentifier>
      <Extensions>cpp;c;cc;cxx;c++;cppm;ixx;def;odl;idl;hpj;bat;asm;asmx</Extensions>
    </Filter>
  </ItemGroup>
  <ItemGroup>
    <ClCompile Include="find_mod.c">
      <Filter>Source</Filter>
    </ClCompile>
    <ClCompile Include="..\..\src\hash_api.c">
      <Filter>Source</Filter>
    </ClCompile>
    <ClCompile Include="..\..\src\lib_memory.c">
      <Filter>Source</Filter>
    </ClCompile>
  </ItemGroup>
  <ItemGroup>
    <ClInclude Include="..\..\include\hash_api.h">
      <Filter>Header</Filter>
    </ClInclude>
    <ClInclude Include="..\..\include\c_types.h">
      <Filter>Header</Filter>
    </ClInclude>
    <ClInclude Include="..\..\include\windows_t.h">
      <Filter>Header</Filter>
    </ClInclude>
    <ClInclude Include="..\..\include\lib_memory.h">
      <Filter>Header</Filter>
    </ClInclude>
    <ClInclude Include="..\..\include\win_types.h">
      <Filter>Header</Filter>
    </ClInclude>
    <ClInclude Include="..\..\include\win_structs.h">
      <Filter>Header</Filter>
    </ClInclude>
    <ClInclude Include="..\..\include\pe_image.h">
      <Filter>Header</Filter>
    </ClInclude>
  </ItemGroup>
</Project>